{
    "version": 3,
    "terraform_version": "0.10.4",
    "serial": 28,
    "lineage": "2b4c5c39-3c2a-4d2d-b8cb-ab1103127e29",
    "modules": [
        {
            "path": [
                "root"
            ],
            "outputs": {
                "elb_dns_name": {
                    "sensitive": false,
                    "type": "string",
                    "value": "web-mod-test-elb-1679640347.eu-west-1.elb.amazonaws.com"
                }
            },
            "resources": {
                "aws_security_group_rule.allow_testing_traffic": {
                    "type": "aws_security_group_rule",
                    "depends_on": [
                        "module.mod-web-cluster"
                    ],
                    "primary": {
                        "id": "sgrule-2182287015",
                        "attributes": {
                            "cidr_blocks.#": "1",
                            "cidr_blocks.0": "0.0.0.0/0",
                            "from_port": "12345",
                            "id": "sgrule-2182287015",
                            "protocol": "tcp",
                            "security_group_id": "sg-b4ab9dcc",
                            "self": "false",
                            "to_port": "12345",
                            "type": "ingress"
                        },
                        "meta": {
                            "schema_version": "2"
                        },
                        "tainted": false
                    },
                    "deposed": [],
                    "provider": ""
                }
            },
            "depends_on": []
        },
        {
            "path": [
                "root",
                "mod-web-cluster"
            ],
            "outputs": {
                "elb_dns_name": {
                    "sensitive": false,
                    "type": "string",
                    "value": "web-mod-test-elb-1679640347.eu-west-1.elb.amazonaws.com"
                },
                "elb_security_group_id": {
                    "sensitive": false,
                    "type": "string",
                    "value": "sg-b4ab9dcc"
                },
                "web_security_group_id": {
                    "sensitive": false,
                    "type": "string",
                    "value": "sg-53a89e2b"
                }
            },
            "resources": {
                "aws_autoscaling_group.web-group": {
                    "type": "aws_autoscaling_group",
                    "depends_on": [
                        "aws_launch_configuration.web-set",
                        "data.aws_availability_zones.all"
                    ],
                    "primary": {
                        "id": "tf-asg-00cda756e5617f956ba2e616aa",
                        "attributes": {
                            "arn": "arn:aws:autoscaling:eu-west-1:945478605444:autoScalingGroup:9062d3a4-7970-4d6b-8360-58b5d5e19cb9:autoScalingGroupName/tf-asg-00cda756e5617f956ba2e616aa",
                            "availability_zones.#": "3",
                            "availability_zones.1924028850": "eu-west-1b",
                            "availability_zones.3953592328": "eu-west-1a",
                            "availability_zones.94988580": "eu-west-1c",
                            "default_cooldown": "300",
                            "desired_capacity": "2",
                            "force_delete": "false",
                            "health_check_grace_period": "300",
                            "health_check_type": "EC2",
                            "id": "tf-asg-00cda756e5617f956ba2e616aa",
                            "launch_configuration": "terraform-00cda756e5617f956ba2e616a9",
                            "load_balancers.#": "0",
                            "max_size": "5",
                            "metrics_granularity": "1Minute",
                            "min_size": "2",
                            "name": "tf-asg-00cda756e5617f956ba2e616aa",
                            "placement_group": "",
                            "protect_from_scale_in": "false",
                            "suspended_processes.#": "0",
                            "tags.#": "1",
                            "tags.0.%": "3",
                            "tags.0.key": "Name",
                            "tags.0.propagate_at_launch": "1",
                            "tags.0.value": "web-asg-test",
                            "target_group_arns.#": "0",
                            "termination_policies.#": "0",
                            "vpc_zone_identifier.#": "0",
                            "wait_for_capacity_timeout": "10m"
                        },
                        "meta": {
                            "e2bfb730-ecaa-11e6-8f88-34363bc7c4c0": {
                                "delete": 600000000000
                            }
                        },
                        "tainted": false
                    },
                    "deposed": [],
                    "provider": ""
                },
                "aws_elb.web-elb": {
                    "type": "aws_elb",
                    "depends_on": [
                        "aws_security_group.elb-sg",
                        "data.aws_availability_zones.all"
                    ],
                    "primary": {
                        "id": "web-mod-test-elb",
                        "attributes": {
                            "access_logs.#": "0",
                            "availability_zones.#": "3",
                            "availability_zones.1924028850": "eu-west-1b",
                            "availability_zones.3953592328": "eu-west-1a",
                            "availability_zones.94988580": "eu-west-1c",
                            "connection_draining": "false",
                            "connection_draining_timeout": "300",
                            "cross_zone_load_balancing": "true",
                            "dns_name": "web-mod-test-elb-1679640347.eu-west-1.elb.amazonaws.com",
                            "health_check.#": "1",
                            "health_check.0.healthy_threshold": "2",
                            "health_check.0.interval": "30",
                            "health_check.0.target": "HTTP:8080/",
                            "health_check.0.timeout": "3",
                            "health_check.0.unhealthy_threshold": "2",
                            "id": "web-mod-test-elb",
                            "idle_timeout": "60",
                            "instances.#": "0",
                            "internal": "false",
                            "listener.#": "1",
                            "listener.3931999347.instance_port": "8080",
                            "listener.3931999347.instance_protocol": "http",
                            "listener.3931999347.lb_port": "80",
                            "listener.3931999347.lb_protocol": "http",
                            "listener.3931999347.ssl_certificate_id": "",
                            "name": "web-mod-test-elb",
                            "security_groups.#": "1",
                            "security_groups.4209835495": "sg-b4ab9dcc",
                            "source_security_group": "945478605444/web-mod-test-elb-sg",
                            "source_security_group_id": "sg-b4ab9dcc",
                            "subnets.#": "3",
                            "subnets.1295907920": "subnet-d3c747b7",
                            "subnets.2139303352": "subnet-4800c110",
                            "subnets.3488710740": "subnet-f8a5138e",
                            "tags.%": "0",
                            "zone_id": "Z32O12XQLNTSW2"
                        },
                        "meta": {},
                        "tainted": false
                    },
                    "deposed": [],
                    "provider": ""
                },
                "aws_launch_configuration.web-set": {
                    "type": "aws_launch_configuration",
                    "depends_on": [
                        "aws_security_group.instance",
                        "data.template_file.user_data"
                    ],
                    "primary": {
                        "id": "terraform-00cda756e5617f956ba2e616a9",
                        "attributes": {
                            "associate_public_ip_address": "false",
                            "ebs_block_device.#": "0",
                            "ebs_optimized": "false",
                            "enable_monitoring": "true",
                            "ephemeral_block_device.#": "0",
                            "iam_instance_profile": "",
                            "id": "terraform-00cda756e5617f956ba2e616a9",
                            "image_id": "ami-ebd02392",
                            "instance_type": "t2.micro",
                            "key_name": "",
                            "name": "terraform-00cda756e5617f956ba2e616a9",
                            "root_block_device.#": "0",
                            "security_groups.#": "1",
                            "security_groups.3345930344": "sg-53a89e2b",
                            "spot_price": "",
                            "user_data": "3074167430ba5586b9e04237b01f4d877356c26a",
                            "vpc_classic_link_id": "",
                            "vpc_classic_link_security_groups.#": "0"
                        },
                        "meta": {},
                        "tainted": false
                    },
                    "deposed": [],
                    "provider": ""
                },
                "aws_security_group.elb-sg": {
                    "type": "aws_security_group",
                    "depends_on": [],
                    "primary": {
                        "id": "sg-b4ab9dcc",
                        "attributes": {
                            "description": "Managed by Terraform",
                            "egress.#": "0",
                            "id": "sg-b4ab9dcc",
                            "ingress.#": "0",
                            "name": "web-mod-test-elb-sg",
                            "owner_id": "945478605444",
                            "tags.%": "1",
                            "tags.Name": "web-mod-test-elb-sg",
                            "vpc_id": "vpc-d97edbbd"
                        },
                        "meta": {},
                        "tainted": false
                    },
                    "deposed": [],
                    "provider": ""
                },
                "aws_security_group.instance": {
                    "type": "aws_security_group",
                    "depends_on": [],
                    "primary": {
                        "id": "sg-53a89e2b",
                        "attributes": {
                            "description": "Managed by Terraform",
                            "egress.#": "0",
                            "id": "sg-53a89e2b",
                            "ingress.#": "0",
                            "name": "web-mod-test-sg",
                            "owner_id": "945478605444",
                            "tags.%": "1",
                            "tags.Name": "web-mod-test-instance",
                            "vpc_id": "vpc-d97edbbd"
                        },
                        "meta": {},
                        "tainted": false
                    },
                    "deposed": [],
                    "provider": ""
                },
                "aws_security_group_rule.allow__all_inbound_traffic": {
                    "type": "aws_security_group_rule",
                    "depends_on": [
                        "aws_security_group.instance"
                    ],
                    "primary": {
                        "id": "sgrule-4010676189",
                        "attributes": {
                            "cidr_blocks.#": "1",
                            "cidr_blocks.0": "0.0.0.0/0",
                            "from_port": "8080",
                            "id": "sgrule-4010676189",
                            "protocol": "tcp",
                            "security_group_id": "sg-53a89e2b",
                            "self": "false",
                            "to_port": "8080",
                            "type": "ingress"
                        },
                        "meta": {
                            "schema_version": "2"
                        },
                        "tainted": false
                    },
                    "deposed": [],
                    "provider": ""
                },
                "aws_security_group_rule.allow__all_outbound_traffic": {
                    "type": "aws_security_group_rule",
                    "depends_on": [
                        "aws_security_group.instance"
                    ],
                    "primary": {
                        "id": "sgrule-379413750",
                        "attributes": {
                            "cidr_blocks.#": "1",
                            "cidr_blocks.0": "0.0.0.0/0",
                            "from_port": "0",
                            "id": "sgrule-379413750",
                            "protocol": "-1",
                            "security_group_id": "sg-53a89e2b",
                            "self": "false",
                            "to_port": "0",
                            "type": "egress"
                        },
                        "meta": {
                            "schema_version": "2"
                        },
                        "tainted": false
                    },
                    "deposed": [],
                    "provider": ""
                },
                "aws_security_group_rule.allow__http_inbound_traffic": {
                    "type": "aws_security_group_rule",
                    "depends_on": [
                        "aws_security_group.elb-sg"
                    ],
                    "primary": {
                        "id": "sgrule-2372590866",
                        "attributes": {
                            "cidr_blocks.#": "1",
                            "cidr_blocks.0": "0.0.0.0/0",
                            "from_port": "80",
                            "id": "sgrule-2372590866",
                            "protocol": "tcp",
                            "security_group_id": "sg-b4ab9dcc",
                            "self": "false",
                            "to_port": "80",
                            "type": "ingress"
                        },
                        "meta": {
                            "schema_version": "2"
                        },
                        "tainted": false
                    },
                    "deposed": [],
                    "provider": ""
                },
                "aws_security_group_rule.allow__http_outbound_traffic": {
                    "type": "aws_security_group_rule",
                    "depends_on": [
                        "aws_security_group.elb-sg"
                    ],
                    "primary": {
                        "id": "sgrule-933626637",
                        "attributes": {
                            "cidr_blocks.#": "1",
                            "cidr_blocks.0": "0.0.0.0/0",
                            "from_port": "0",
                            "id": "sgrule-933626637",
                            "protocol": "-1",
                            "security_group_id": "sg-b4ab9dcc",
                            "self": "false",
                            "to_port": "0",
                            "type": "egress"
                        },
                        "meta": {
                            "schema_version": "2"
                        },
                        "tainted": false
                    },
                    "deposed": [],
                    "provider": ""
                },
                "data.aws_availability_zones.all": {
                    "type": "aws_availability_zones",
                    "depends_on": [],
                    "primary": {
                        "id": "2017-09-24 15:10:30.079916182 +0000 UTC",
                        "attributes": {
                            "id": "2017-09-24 15:10:30.079916182 +0000 UTC",
                            "names.#": "3",
                            "names.0": "eu-west-1a",
                            "names.1": "eu-west-1b",
                            "names.2": "eu-west-1c"
                        },
                        "meta": {},
                        "tainted": false
                    },
                    "deposed": [],
                    "provider": ""
                },
                "data.template_file.user_data": {
                    "type": "template_file",
                    "depends_on": [],
                    "primary": {
                        "id": "fedf05c014c2c003ed97b7d4fc95885522647d36464c6d5ff3e5db1f1b375aa0",
                        "attributes": {
                            "id": "fedf05c014c2c003ed97b7d4fc95885522647d36464c6d5ff3e5db1f1b375aa0",
                            "rendered": "#!/bin/bash\ncat \u003e index.html \u003c\u003cEOF\n\u003ch1\u003e\"Hello, World\"\u003c/h1\u003e\n\u003cp\u003eDB address: db_address\u003c/p\u003e\n\u003cp\u003eDB port: db_port\u003c/p\u003e\nEOF\n\nnohup busybox httpd -f -p \"8080\" \u0026",
                            "template": "#!/bin/bash\ncat \u003e index.html \u003c\u003cEOF\n\u003ch1\u003e\"Hello, World\"\u003c/h1\u003e\n\u003cp\u003eDB address: ${\"db_address\"}\u003c/p\u003e\n\u003cp\u003eDB port: ${\"db_port\"}\u003c/p\u003e\nEOF\n\nnohup busybox httpd -f -p \"${server_port}\" \u0026",
                            "vars.%": "1",
                            "vars.server_port": "8080"
                        },
                        "meta": {},
                        "tainted": false
                    },
                    "deposed": [],
                    "provider": ""
                }
            },
            "depends_on": []
        }
    ]
}
