{
    "version": 3,
    "terraform_version": "0.10.4",
    "serial": 2,
    "lineage": "fcb72be2-4395-4d0f-8540-56e254bd2008",
    "modules": [
        {
            "path": [
                "root"
            ],
            "outputs": {},
            "resources": {
                "aws_kms_key.test": {
                    "type": "aws_kms_key",
                    "depends_on": [],
                    "primary": {
                        "id": "0ad3d99f-1db4-45b6-ba7f-c33e16ca5344",
                        "attributes": {
                            "arn": "arn:aws:kms:eu-west-1:945478605444:key/0ad3d99f-1db4-45b6-ba7f-c33e16ca5344",
                            "description": "Just for teting purposes",
                            "enable_key_rotation": "false",
                            "id": "0ad3d99f-1db4-45b6-ba7f-c33e16ca5344",
                            "is_enabled": "true",
                            "key_id": "0ad3d99f-1db4-45b6-ba7f-c33e16ca5344",
                            "key_usage": "ENCRYPT_DECRYPT",
                            "policy": "{\"Id\":\"key-default-1\",\"Statement\":[{\"Action\":\"kms:*\",\"Effect\":\"Allow\",\"Principal\":{\"AWS\":\"arn:aws:iam::945478605444:root\"},\"Resource\":\"*\",\"Sid\":\"Enable IAM User Permissions\"}],\"Version\":\"2012-10-17\"}",
                            "tags.%": "0"
                        },
                        "meta": {},
                        "tainted": false
                    },
                    "deposed": [],
                    "provider": ""
                }
            },
            "depends_on": []
        }
    ]
}
